// !$*UTF8*$!
{
	archiveVersion = 1;
	classes = {
	};
	objectVersion = 52;
	objects = {

/* Begin PBXBuildFile section */
		F989236A26DC8BBE009F29D5 /* SwiftUIExtDemoApp.swift in Sources */ = {isa = PBXBuildFile; fileRef = F989235726DC8BBD009F29D5 /* SwiftUIExtDemoApp.swift */; };
		F989236B26DC8BBE009F29D5 /* SwiftUIExtDemoApp.swift in Sources */ = {isa = PBXBuildFile; fileRef = F989235726DC8BBD009F29D5 /* SwiftUIExtDemoApp.swift */; };
		F989236C26DC8BBE009F29D5 /* ContentView.swift in Sources */ = {isa = PBXBuildFile; fileRef = F989235826DC8BBD009F29D5 /* ContentView.swift */; };
		F989236D26DC8BBE009F29D5 /* ContentView.swift in Sources */ = {isa = PBXBuildFile; fileRef = F989235826DC8BBD009F29D5 /* ContentView.swift */; };
		F989236E26DC8BBE009F29D5 /* Assets.xcassets in Resources */ = {isa = PBXBuildFile; fileRef = F989235926DC8BBE009F29D5 /* Assets.xcassets */; };
		F989236F26DC8BBE009F29D5 /* Assets.xcassets in Resources */ = {isa = PBXBuildFile; fileRef = F989235926DC8BBE009F29D5 /* Assets.xcassets */; };
		F989237B26DC8C43009F29D5 /* SwiftUIExt in Frameworks */ = {isa = PBXBuildFile; productRef = F989237A26DC8C43009F29D5 /* SwiftUIExt */; };
		F989237D26DC8C49009F29D5 /* SwiftUIExt in Frameworks */ = {isa = PBXBuildFile; productRef = F989237C26DC8C49009F29D5 /* SwiftUIExt */; };
		F989237F26DCAF29009F29D5 /* Root.swift in Sources */ = {isa = PBXBuildFile; fileRef = F989237E26DCAEEB009F29D5 /* Root.swift */; };
/* End PBXBuildFile section */

/* Begin PBXFileReference section */
		F989235726DC8BBD009F29D5 /* SwiftUIExtDemoApp.swift */ = {isa = PBXFileReference; lastKnownFileType = sourcecode.swift; path = SwiftUIExtDemoApp.swift; sourceTree = "<group>"; };
		F989235826DC8BBD009F29D5 /* ContentView.swift */ = {isa = PBXFileReference; lastKnownFileType = sourcecode.swift; path = ContentView.swift; sourceTree = "<group>"; };
		F989235926DC8BBE009F29D5 /* Assets.xcassets */ = {isa = PBXFileReference; lastKnownFileType = folder.assetcatalog; path = Assets.xcassets; sourceTree = "<group>"; };
		F989235E26DC8BBE009F29D5 /* SwiftUIExtDemo.app */ = {isa = PBXFileReference; explicitFileType = wrapper.application; includeInIndex = 0; path = SwiftUIExtDemo.app; sourceTree = BUILT_PRODUCTS_DIR; };
		F989236126DC8BBE009F29D5 /* Info.plist */ = {isa = PBXFileReference; lastKnownFileType = text.plist.xml; path = Info.plist; sourceTree = "<group>"; };
		F989236626DC8BBE009F29D5 /* SwiftUIExtDemo.app */ = {isa = PBXFileReference; explicitFileType = wrapper.application; includeInIndex = 0; path = SwiftUIExtDemo.app; sourceTree = BUILT_PRODUCTS_DIR; };
		F989236826DC8BBE009F29D5 /* Info.plist */ = {isa = PBXFileReference; lastKnownFileType = text.plist.xml; path = Info.plist; sourceTree = "<group>"; };
		F989236926DC8BBE009F29D5 /* macOS.entitlements */ = {isa = PBXFileReference; lastKnownFileType = text.plist.entitlements; path = macOS.entitlements; sourceTree = "<group>"; };
		F989237826DC8C09009F29D5 /* SwiftUIExt */ = {isa = PBXFileReference; lastKnownFileType = folder; name = SwiftUIExt; path = ..; sourceTree = "<group>"; };
		F989237E26DCAEEB009F29D5 /* Root.swift */ = {isa = PBXFileReference; lastKnownFileType = sourcecode.swift; path = Root.swift; sourceTree = "<group>"; };
/* End PBXFileReference section */

/* Begin PBXFrameworksBuildPhase section */
		F989235B26DC8BBE009F29D5 /* Frameworks */ = {
			isa = PBXFrameworksBuildPhase;
			buildActionMask = 2147483647;
			files = (
				F989237B26DC8C43009F29D5 /* SwiftUIExt in Frameworks */,
			);
			runOnlyForDeploymentPostprocessing = 0;
		};
		F989236326DC8BBE009F29D5 /* Frameworks */ = {
			isa = PBXFrameworksBuildPhase;
			buildActionMask = 2147483647;
			files = (
				F989237D26DC8C49009F29D5 /* SwiftUIExt in Frameworks */,
			);
			runOnlyForDeploymentPostprocessing = 0;
		};
/* End PBXFrameworksBuildPhase section */

/* Begin PBXGroup section */
		F989235126DC8BBD009F29D5 = {
			isa = PBXGroup;
			children = (
				F989237826DC8C09009F29D5 /* SwiftUIExt */,
				F989235626DC8BBD009F29D5 /* Shared */,
				F989236026DC8BBE009F29D5 /* iOS */,
				F989236726DC8BBE009F29D5 /* macOS */,
				F989235F26DC8BBE009F29D5 /* Products */,
				F989237926DC8C43009F29D5 /* Frameworks */,
			);
			sourceTree = "<group>";
		};
		F989235626DC8BBD009F29D5 /* Shared */ = {
			isa = PBXGroup;
			children = (
				F989235726DC8BBD009F29D5 /* SwiftUIExtDemoApp.swift */,
				F989235826DC8BBD009F29D5 /* ContentView.swift */,
				F989235926DC8BBE009F29D5 /* Assets.xcassets */,
			);
			path = Shared;
			sourceTree = "<group>";
		};
		F989235F26DC8BBE009F29D5 /* Products */ = {
			isa = PBXGroup;
			children = (
				F989235E26DC8BBE009F29D5 /* SwiftUIExtDemo.app */,
				F989236626DC8BBE009F29D5 /* SwiftUIExtDemo.app */,
			);
			name = Products;
			sourceTree = "<group>";
		};
		F989236026DC8BBE009F29D5 /* iOS */ = {
			isa = PBXGroup;
			children = (
				F989236126DC8BBE009F29D5 /* Info.plist */,
				F989237E26DCAEEB009F29D5 /* Root.swift */,
			);
			path = iOS;
			sourceTree = "<group>";
		};
		F989236726DC8BBE009F29D5 /* macOS */ = {
			isa = PBXGroup;
			children = (
				F989236826DC8BBE009F29D5 /* Info.plist */,
				F989236926DC8BBE009F29D5 /* macOS.entitlements */,
			);
			path = macOS;
			sourceTree = "<group>";
		};
		F989237926DC8C43009F29D5 /* Frameworks */ = {
			isa = PBXGroup;
			children = (
			);
			name = Frameworks;
			sourceTree = "<group>";
		};
/* End PBXGroup section */

/* Begin PBXNativeTarget section */
		F989235D26DC8BBE009F29D5 /* SwiftUIExtDemo (iOS) */ = {
			isa = PBXNativeTarget;
			buildConfigurationList = F989237226DC8BBE009F29D5 /* Build configuration list for PBXNativeTarget "SwiftUIExtDemo (iOS)" */;
			buildPhases = (
				F989235A26DC8BBE009F29D5 /* Sources */,
				F989235B26DC8BBE009F29D5 /* Frameworks */,
				F989235C26DC8BBE009F29D5 /* Resources */,
			);
			buildRules = (
			);
			dependencies = (
			);
			name = "SwiftUIExtDemo (iOS)";
			packageProductDependencies = (
				F989237A26DC8C43009F29D5 /* SwiftUIExt */,
			);
			productName = "SwiftUIExtDemo (iOS)";
			productReference = F989235E26DC8BBE009F29D5 /* SwiftUIExtDemo.app */;
			productType = "com.apple.product-type.application";
		};
		F989236526DC8BBE009F29D5 /* SwiftUIExtDemo (macOS) */ = {
			isa = PBXNativeTarget;
			buildConfigurationList = F989237526DC8BBE009F29D5 /* Build configuration list for PBXNativeTarget "SwiftUIExtDemo (macOS)" */;
			buildPhases = (
				F989236226DC8BBE009F29D5 /* Sources */,
				F989236326DC8BBE009F29D5 /* Frameworks */,
				F989236426DC8BBE009F29D5 /* Resources */,
			);
			buildRules = (
			);
			dependencies = (
			);
			name = "SwiftUIExtDemo (macOS)";
			packageProductDependencies = (
				F989237C26DC8C49009F29D5 /* SwiftUIExt */,
			);
			productName = "SwiftUIExtDemo (macOS)";
			productReference = F989236626DC8BBE009F29D5 /* SwiftUIExtDemo.app */;
			productType = "com.apple.product-type.application";
		};
/* End PBXNativeTarget section */

/* Begin PBXProject section */
		F989235226DC8BBD009F29D5 /* Project object */ = {
			isa = PBXProject;
			attributes = {
				LastSwiftUpdateCheck = 1250;
				LastUpgradeCheck = 1250;
				TargetAttributes = {
					F989235D26DC8BBE009F29D5 = {
						CreatedOnToolsVersion = 12.5.1;
					};
					F989236526DC8BBE009F29D5 = {
						CreatedOnToolsVersion = 12.5.1;
					};
				};
			};
			buildConfigurationList = F989235526DC8BBD009F29D5 /* Build configuration list for PBXProject "SwiftUIExtDemo" */;
			compatibilityVersion = "Xcode 9.3";
			developmentRegion = en;
			hasScannedForEncodings = 0;
			knownRegions = (
				en,
				Base,
			);
			mainGroup = F989235126DC8BBD009F29D5;
			productRefGroup = F989235F26DC8BBE009F29D5 /* Products */;
			projectDirPath = "";
			projectRoot = "";
			targets = (
				F989235D26DC8BBE009F29D5 /* SwiftUIExtDemo (iOS) */,
				F989236526DC8BBE009F29D5 /* SwiftUIExtDemo (macOS) */,
			);
		};
/* End PBXProject section */

/* Begin PBXResourcesBuildPhase section */
		F989235C26DC8BBE009F29D5 /* Resources */ = {
			isa = PBXResourcesBuildPhase;
			buildActionMask = 2147483647;
			files = (
				F989236E26DC8BBE009F29D5 /* Assets.xcassets in Resources */,
			);
			runOnlyForDeploymentPostprocessing = 0;
		};
		F989236426DC8BBE009F29D5 /* Resources */ = {
			isa = PBXResourcesBuildPhase;
			buildActionMask = 2147483647;
			files = (
				F989236F26DC8BBE009F29D5 /* Assets.xcassets in Resources */,
			);
			runOnlyForDeploymentPostprocessing = 0;
		};
/* End PBXResourcesBuildPhase section */

/* Begin PBXSourcesBuildPhase section */
		F989235A26DC8BBE009F29D5 /* Sources */ = {
			isa = PBXSourcesBuildPhase;
			buildActionMask = 2147483647;
			files = (
				F989236C26DC8BBE009F29D5 /* ContentView.swift in Sources */,
				F989236A26DC8BBE009F29D5 /* SwiftUIExtDemoApp.swift in Sources */,
				F989237F26DCAF29009F29D5 /* Root.swift in Sources */,
			);
			runOnlyForDeploymentPostprocessing = 0;
		};
		F989236226DC8BBE009F29D5 /* Sources */ = {
			isa = PBXSourcesBuildPhase;
			buildActionMask = 2147483647;
			files = (
				F989236D26DC8BBE009F29D5 /* ContentView.swift in Sources */,
				F989236B26DC8BBE009F29D5 /* SwiftUIExtDemoApp.swift in Sources */,
			);
			runOnlyForDeploymentPostprocessing = 0;
		};
/* End PBXSourcesBuildPhase section */

/* Begin XCBuildConfiguration section */
		F989237026DC8BBE009F29D5 /* Debug */ = {
			isa = XCBuildConfiguration;
			buildSettings = {
				ALWAYS_SEARCH_USER_PATHS = NO;
				CLANG_ANALYZER_NONNULL = YES;
				CLANG_ANALYZER_NUMBER_OBJECT_CONVERSION = YES_AGGRESSIVE;
				CLANG_CXX_LANGUAGE_STANDARD = "gnu++14";
				CLANG_CXX_LIBRARY = "libc++";
				CLANG_ENABLE_MODULES = YES;
				CLANG_ENABLE_OBJC_ARC = YES;
				CLANG_ENABLE_OBJC_WEAK = YES;
				CLANG_WARN_BLOCK_CAPTURE_AUTORELEASING = YES;
				CLANG_WARN_BOOL_CONVERSION = YES;
				CLANG_WARN_COMMA = YES;
				CLANG_WARN_CONSTANT_CONVERSION = YES;
				CLANG_WARN_DEPRECATED_OBJC_IMPLEMENTATIONS = YES;
				CLANG_WARN_DIRECT_OBJC_ISA_USAGE = YES_ERROR;
				CLANG_WARN_DOCUMENTATION_COMMENTS = YES;
				CLANG_WARN_EMPTY_BODY = YES;
				CLANG_WARN_ENUM_CONVERSION = YES;
				CLANG_WARN_INFINITE_RECURSION = YES;
				CLANG_WARN_INT_CONVERSION = YES;
				CLANG_WARN_NON_LITERAL_NULL_CONVERSION = YES;
				CLANG_WARN_OBJC_IMPLICIT_RETAIN_SELF = YES;
				CLANG_WARN_OBJC_LITERAL_CONVERSION = YES;
				CLANG_WARN_OBJC_ROOT_CLASS = YES_ERROR;
				CLANG_WARN_QUOTED_INCLUDE_IN_FRAMEWORK_HEADER = YES;
				CLANG_WARN_RANGE_LOOP_ANALYSIS = YES;
				CLANG_WARN_STRICT_PROTOTYPES = YES;
				CLANG_WARN_SUSPICIOUS_MOVE = YES;
				CLANG_WARN_UNGUARDED_AVAILABILITY = YES_AGGRESSIVE;
				CLANG_WARN_UNREACHABLE_CODE = YES;
				CLANG_WARN__DUPLICATE_METHOD_MATCH = YES;
				COPY_PHASE_STRIP = NO;
				DEBUG_INFORMATION_FORMAT = dwarf;
				ENABLE_STRICT_OBJC_MSGSEND = YES;
				ENABLE_TESTABILITY = YES;
				GCC_C_LANGUAGE_STANDARD = gnu11;
				GCC_DYNAMIC_NO_PIC = NO;
				GCC_NO_COMMON_BLOCKS = YES;
				GCC_OPTIMIZATION_LEVEL = 0;
				GCC_PREPROCESSOR_DEFINITIONS = (
					"DEBUG=1",
					"$(inherited)",
				);
				GCC_WARN_64_TO_32_BIT_CONVERSION = YES;
				GCC_WARN_ABOUT_RETURN_TYPE = YES_ERROR;
				GCC_WARN_UNDECLARED_SELECTOR = YES;
				GCC_WARN_UNINITIALIZED_AUTOS = YES_AGGRESSIVE;
				GCC_WARN_UNUSED_FUNCTION = YES;
				GCC_WARN_UNUSED_VARIABLE = YES;
				MTL_ENABLE_DEBUG_INFO = INCLUDE_SOURCE;
				MTL_FAST_MATH = YES;
				ONLY_ACTIVE_ARCH = YES;
				SWIFT_ACTIVE_COMPILATION_CONDITIONS = DEBUG;
				SWIFT_OPTIMIZATION_LEVEL = "-Onone";
			};
			name = Debug;
		};
		F989237126DC8BBE009F29D5 /* Release */ = {
			isa = XCBuildConfiguration;
			buildSettings = {
				ALWAYS_SEARCH_USER_PATHS = NO;
				CLANG_ANALYZER_NONNULL = YES;
				CLANG_ANALYZER_NUMBER_OBJECT_CONVERSION = YES_AGGRESSIVE;
				CLANG_CXX_LANGUAGE_STANDARD = "gnu++14";
				CLANG_CXX_LIBRARY = "libc++";
				CLANG_ENABLE_MODULES = YES;
				CLANG_ENABLE_OBJC_ARC = YES;
				CLANG_ENABLE_OBJC_WEAK = YES;
				CLANG_WARN_BLOCK_CAPTURE_AUTORELEASING = YES;
				CLANG_WARN_BOOL_CONVERSION = YES;
				CLANG_WARN_COMMA = YES;
				CLANG_WARN_CONSTANT_CONVERSION = YES;
				CLANG_WARN_DEPRECATED_OBJC_IMPLEMENTATIONS = YES;
				CLANG_WARN_DIRECT_OBJC_ISA_USAGE = YES_ERROR;
				CLANG_WARN_DOCUMENTATION_COMMENTS = YES;
				CLANG_WARN_EMPTY_BODY = YES;
				CLANG_WARN_ENUM_CONVERSION = YES;
				CLANG_WARN_INFINITE_RECURSION = YES;
				CLANG_WARN_INT_CONVERSION = YES;
				CLANG_WARN_NON_LITERAL_NULL_CONVERSION = YES;
				CLANG_WARN_OBJC_IMPLICIT_RETAIN_SELF = YES;
				CLANG_WARN_OBJC_LITERAL_CONVERSION = YES;
				CLANG_WARN_OBJC_ROOT_CLASS = YES_ERROR;
				CLANG_WARN_QUOTED_INCLUDE_IN_FRAMEWORK_HEADER = YES;
				CLANG_WARN_RANGE_LOOP_ANALYSIS = YES;
				CLANG_WARN_STRICT_PROTOTYPES = YES;
				CLANG_WARN_SUSPICIOUS_MOVE = YES;
				CLANG_WARN_UNGUARDED_AVAILABILITY = YES_AGGRESSIVE;
				CLANG_WARN_UNREACHABLE_CODE = YES;
				CLANG_WARN__DUPLICATE_METHOD_MATCH = YES;
				COPY_PHASE_STRIP = NO;
				DEBUG_INFORMATION_FORMAT = "dwarf-with-dsym";
				ENABLE_NS_ASSERTIONS = NO;
				ENABLE_STRICT_OBJC_MSGSEND = YES;
				GCC_C_LANGUAGE_STANDARD = gnu11;
				GCC_NO_COMMON_BLOCKS = YES;
				GCC_WARN_64_TO_32_BIT_CONVERSION = YES;
				GCC_WARN_ABOUT_RETURN_TYPE = YES_ERROR;
				GCC_WARN_UNDECLARED_SELECTOR = YES;
				GCC_WARN_UNINITIALIZED_AUTOS = YES_AGGRESSIVE;
				GCC_WARN_UNUSED_FUNCTION = YES;
				GCC_WARN_UNUSED_VARIABLE = YES;
				MTL_ENABLE_DEBUG_INFO = NO;
				MTL_FAST_MATH = YES;
				SWIFT_COMPILATION_MODE = wholemodule;
				SWIFT_OPTIMIZATION_LEVEL = "-O";
			};
			name = Release;
		};
		F989237326DC8BBE009F29D5 /* Debug */ = {
			isa = XCBuildConfiguration;
			buildSettings = {
				ASSETCATALOG_COMPILER_APPICON_NAME = AppIcon;
				ASSETCATALOG_COMPILER_GLOBAL_ACCENT_COLOR_NAME = AccentColor;
				CODE_SIGN_STYLE = Automatic;
				ENABLE_PREVIEWS = YES;
				INFOPLIST_FILE = iOS/Info.plist;
				IPHONEOS_DEPLOYMENT_TARGET = 14.1;
				LD_RUNPATH_SEARCH_PATHS = (
					"$(inherited)",
					"@executable_path/Frameworks",
				);
				PRODUCT_BUNDLE_IDENTIFIER = com.redrainlab.SwiftUIExtDemo;
				PRODUCT_NAME = SwiftUIExtDemo;
				SDKROOT = iphoneos;
				SWIFT_VERSION = 5.0;
				TARGETED_DEVICE_FAMILY = "1,2";
			};
			name = Debug;
		};
		F989237426DC8BBE009F29D5 /* Release */ = {
			isa = XCBuildConfiguration;
			buildSettings = {
				ASSETCATALOG_COMPILER_APPICON_NAME = AppIcon;
				ASSETCATALOG_COMPILER_GLOBAL_ACCENT_COLOR_NAME = AccentColor;
				CODE_SIGN_STYLE = Automatic;
				ENABLE_PREVIEWS = YES;
				INFOPLIST_FILE = iOS/Info.plist;
				IPHONEOS_DEPLOYMENT_TARGET = 14.1;
				LD_RUNPATH_SEARCH_PATHS = (
					"$(inherited)",
					"@executable_path/Frameworks",
				);
				PRODUCT_BUNDLE_IDENTIFIER = com.redrainlab.SwiftUIExtDemo;
				PRODUCT_NAME = SwiftUIExtDemo;
				SDKROOT = iphoneos;
				SWIFT_VERSION = 5.0;
				TARGETED_DEVICE_FAMILY = "1,2";
				VALIDATE_PRODUCT = YES;
			};
			name = Release;
		};
		F989237626DC8BBE009F29D5 /* Debug */ = {
			isa = XCBuildConfiguration;
			buildSettings = {
				ASSETCATALOG_COMPILER_APPICON_NAME = AppIcon;
				ASSETCATALOG_COMPILER_GLOBAL_ACCENT_COLOR_NAME = AccentColor;
				CODE_SIGN_ENTITLEMENTS = macOS/macOS.entitlements;
				CODE_SIGN_STYLE = Automatic;
				COMBINE_HIDPI_IMAGES = YES;
				ENABLE_PREVIEWS = YES;
				INFOPLIST_FILE = macOS/Info.plist;
				LD_RUNPATH_SEARCH_PATHS = (
					"$(inherited)",
					"@executable_path/../Frameworks",
				);
				MACOSX_DEPLOYMENT_TARGET = 11.0;
				PRODUCT_BUNDLE_IDENTIFIER = com.redrainlab.SwiftUIExtDemo;
				PRODUCT_NAME = SwiftUIExtDemo;
				SDKROOT = macosx;
				SWIFT_VERSION = 5.0;
			};
			name = Debug;
		};
		F989237726DC8BBE009F29D5 /* Release */ = {
			isa = XCBuildConfiguration;
			buildSettings = {
				ASSETCATALOG_COMPILER_APPICON_NAME = AppIcon;
				ASSETCATALOG_COMPILER_GLOBAL_ACCENT_COLOR_NAME = AccentColor;
				CODE_SIGN_ENTITLEMENTS = macOS/macOS.entitlements;
				CODE_SIGN_STYLE = Automatic;
				COMBINE_HIDPI_IMAGES = YES;
				ENABLE_PREVIEWS = YES;
				INFOPLIST_FILE = macOS/Info.plist;
				LD_RUNPATH_SEARCH_PATHS = (
					"$(inherited)",
					"@executable_path/../Frameworks",
				);
				MACOSX_DEPLOYMENT_TARGET = 11.0;
				PRODUCT_BUNDLE_IDENTIFIER = com.redrainlab.SwiftUIExtDemo;
				PRODUCT_NAME = SwiftUIExtDemo;
				SDKROOT = macosx;
				SWIFT_VERSION = 5.0;
			};
			name = Release;
		};
/* End XCBuildConfiguration section */

/* Begin XCConfigurationList section */
		F989235526DC8BBD009F29D5 /* Build configuration list for PBXProject "SwiftUIExtDemo" */ = {
			isa = XCConfigurationList;
			buildConfigurations = (
				F989237026DC8BBE009F29D5 /* Debug */,
				F989237126DC8BBE009F29D5 /* Release */,
			);
			defaultConfigurationIsVisible = 0;
			defaultConfigurationName = Release;
		};
		F989237226DC8BBE009F29D5 /* Build configuration list for PBXNativeTarget "SwiftUIExtDemo (iOS)" */ = {
			isa = XCConfigurationList;
			buildConfigurations = (
				F989237326DC8BBE009F29D5 /* Debug */,
				F989237426DC8BBE009F29D5 /* Release */,
			);
			defaultConfigurationIsVisible = 0;
			defaultConfigurationName = Release;
		};
		F989237526DC8BBE009F29D5 /* Build configuration list for PBXNativeTarget "SwiftUIExtDemo (macOS)" */ = {
			isa = XCConfigurationList;
			buildConfigurations = (
				F989237626DC8BBE009F29D5 /* Debug */,
				F989237726DC8BBE009F29D5 /* Release */,
			);
			defaultConfigurationIsVisible = 0;
			defaultConfigurationName = Release;
		};
/* End XCConfigurationList section */

/* Begin XCSwiftPackageProductDependency section */
		F989237A26DC8C43009F29D5 /* SwiftUIExt */ = {
			isa = XCSwiftPackageProductDependency;
			productName = SwiftUIExt;
		};
		F989237C26DC8C49009F29D5 /* SwiftUIExt */ = {
			isa = XCSwiftPackageProductDependency;
			productName = SwiftUIExt;
		};
/* End XCSwiftPackageProductDependency section */
	};
	rootObject = F989235226DC8BBD009F29D5 /* Project object */;
}
